<?xml version="1.0" encoding="utf-8"?>
<Project ToolsVersion="4.0" xmlns="http://schemas.microsoft.com/developer/msbuild/2003">
  <ItemGroup>
    <ClInclude Include="source\async\read_write.hpp" />
    <ClInclude Include="source\async\timer.hpp" />
    <ClInclude Include="source\authentication\authentication_execution_context.hpp" />
    <ClInclude Include="source\authentication\authentication_http_client.hpp" />
    <ClInclude Include="source\authentication\authentication_method.hpp" />
    <ClInclude Include="source\authentication\authentication_result.hpp" />
    <ClInclude Include="source\authentication\authentication_verifier.hpp" />
    <ClInclude Include="source\authentication\game.hpp" />
    <ClInclude Include="source\authentication\steam_authentication_verifier.hpp" />
    <ClInclude Include="source\client\client_constants.hpp" />
    <ClInclude Include="source\client\client_error_code.hpp" />
    <ClInclude Include="source\client\client_errors.hpp" />
    <ClInclude Include="source\client\player_full_name.hpp" />
    <ClInclude Include="source\client\player_name_container.hpp" />
    <ClInclude Include="source\data\data_constants.hpp" />
    <ClInclude Include="source\data\random_id_generator.hpp" />
    <ClInclude Include="source\data\thread_safe_data_container.hpp" />
    <ClInclude Include="source\datetime\datetime.hpp" />
    <ClInclude Include="source\logger\boost_console_logger.hpp" />
    <ClInclude Include="source\logger\boost_file_logger.hpp" />
    <ClInclude Include="source\logger\boost_logger_common.hpp" />
    <ClInclude Include="source\logger\console_logger.hpp" />
    <ClInclude Include="source\logger\file_logger.hpp" />
    <ClInclude Include="source\logger\log.hpp" />
    <ClInclude Include="source\logger\logger_common.hpp" />
    <ClInclude Include="source\logger\logger.hpp" />
    <ClInclude Include="source\message\message_constants.hpp" />
    <ClInclude Include="source\message\message_error_code.hpp" />
    <ClInclude Include="source\message\message_handle_parameter.hpp" />
    <ClInclude Include="source\message\message_handle_utilities.hpp" />
    <ClInclude Include="source\message\message_handler_invoker_factory.hpp" />
    <ClInclude Include="source\message\message_handler_invoker.hpp" />
    <ClInclude Include="source\message\message_handler.hpp" />
    <ClInclude Include="source\message\message_handlers\authentication_request_message_handler.hpp" />
    <ClInclude Include="source\message\message_handlers\connection_test_request_message_handler.hpp" />
    <ClInclude Include="source\message\message_handlers\create_room_request_message_handler.hpp" />
    <ClInclude Include="source\message\message_handlers\join_room_request_message_handler.hpp" />
    <ClInclude Include="source\message\message_handlers\keep_alive_notice_message_handler.hpp" />
    <ClInclude Include="source\message\message_handlers\list_room_request_message_handler.hpp" />
    <ClInclude Include="source\message\message_handlers\update_room_status_notice_message_handler.hpp" />
    <ClInclude Include="source\message\message_parameter_validator.hpp" />
    <ClInclude Include="source\message\messages.hpp" />
    <ClInclude Include="source\network\client_connection.hpp" />
    <ClInclude Include="source\network\endpoint.hpp" />
    <ClInclude Include="source\network\network_layer.hpp" />
    <ClInclude Include="source\network\transport_layer.hpp" />
    <ClInclude Include="source\room\room_constants.hpp" />
    <ClInclude Include="source\room\room_data_container.hpp" />
    <ClInclude Include="source\room\room_data.hpp" />
    <ClInclude Include="source\server\server_constants.hpp" />
    <ClInclude Include="source\server\server_data.hpp" />
    <ClInclude Include="source\server\server_errors.hpp" />
    <ClInclude Include="source\server\server_session.hpp" />
    <ClInclude Include="source\server\server_setting.hpp" />
    <ClInclude Include="source\server\server_thread.hpp" />
    <ClInclude Include="source\server\server_tls_context.hpp" />
    <ClInclude Include="source\server\server_tls_reload_signal_handler.hpp" />
    <ClInclude Include="source\server\server.hpp" />
    <ClInclude Include="source\session\session_constants.hpp" />
    <ClInclude Include="source\session\session_data.hpp" />
    <ClInclude Include="source\utilities\application.hpp" />
    <ClInclude Include="source\utilities\asio_stream_compatibility.hpp" />
    <ClInclude Include="source\utilities\checked_static_cast.hpp" />
    <ClInclude Include="source\utilities\class_traits.hpp" />
    <ClInclude Include="source\utilities\concepts.hpp" />
    <ClInclude Include="source\utilities\enum_utilities.hpp" />
    <ClInclude Include="source\utilities\env_var.hpp" />
    <ClInclude Include="source\utilities\file_utilities.hpp" />
    <ClInclude Include="source\utilities\fixed_u8string_validation.hpp" />
    <ClInclude Include="source\utilities\io_utility.hpp" />
    <ClInclude Include="source\utilities\pack.hpp" />
    <ClInclude Include="library\minimal_serializer\fixed_string.hpp" />
    <ClInclude Include="library\minimal_serializer\serializer.hpp" />
    <ClInclude Include="library\minimal_serializer\string_utility.hpp" />
    <ClInclude Include="library\minimal_serializer\type_traits.hpp" />
    <ClInclude Include="library\nameof.hpp" />
  </ItemGroup>
  <ItemGroup>
    <ClCompile Include="source\async\timer.cpp" />
    <ClCompile Include="source\authentication\authentication_http_client.cpp" />
    <ClCompile Include="source\authentication\authentication_method.cpp" />
    <ClCompile Include="source\authentication\authentication_verifier.cpp" />
    <ClCompile Include="source\authentication\steam_authentication_verifier.cpp" />
    <ClCompile Include="source\client\client_error_code.cpp" />
    <ClCompile Include="source\client\client_errors.cpp" />
    <ClCompile Include="source\client\player_full_name.cpp" />
    <ClCompile Include="source\client\player_name_container.cpp" />
    <ClCompile Include="source\datetime\datetime.cpp" />
    <ClCompile Include="source\logger\boost_console_logger.cpp" />
    <ClCompile Include="source\logger\boost_file_logger.cpp" />
    <ClCompile Include="source\logger\boost_logger_common.cpp" />
    <ClCompile Include="source\logger\console_logger.cpp" />
    <ClCompile Include="source\logger\file_logger.cpp" />
    <ClCompile Include="source\logger\log.cpp" />
    <ClCompile Include="source\logger\logger_common.cpp" />
    <ClCompile Include="source\message\message_error_code.cpp" />
    <ClCompile Include="source\message\message_handle_utilities.cpp" />
    <ClCompile Include="source\message\message_handler_invoker_factory.cpp" />
    <ClCompile Include="source\message\message_handler_invoker.cpp" />
    <ClCompile Include="source\message\message_handler.cpp" />
    <ClCompile Include="source\message\message_handlers\authentication_request_message_handler.cpp" />
    <ClCompile Include="source\message\message_handlers\connection_test_request_message_handler.cpp" />
    <ClCompile Include="source\message\message_handlers\create_room_request_message_handler.cpp" />
    <ClCompile Include="source\message\message_handlers\join_room_request_message_handler.cpp" />
    <ClCompile Include="source\message\message_handlers\keep_alive_notice_message_handler.cpp" />
    <ClCompile Include="source\message\message_handlers\list_room_request_message_handler.cpp" />
    <ClCompile Include="source\message\message_handlers\update_room_status_notice_message_handler.cpp" />
    <ClCompile Include="source\message\message_parameter_validator.cpp" />
    <ClCompile Include="source\network\client_connection.cpp" />
    <ClCompile Include="source\network\endpoint.cpp" />
    <ClCompile Include="source\network\network_layer.cpp" />
    <ClCompile Include="source\network\transport_layer.cpp" />
    <ClCompile Include="source\room\room_data_container.cpp" />
    <ClCompile Include="source\room\room_data.cpp" />
    <ClCompile Include="source\server\server_data.cpp" />
    <ClCompile Include="source\server\server_errors.cpp" />
    <ClCompile Include="source\server\server_session.cpp" />
    <ClCompile Include="source\server\server_setting.cpp" />
    <ClCompile Include="source\server\server_thread.cpp" />
    <ClCompile Include="source\server\server_tls_context.cpp" />
    <ClCompile Include="source\server\server_tls_reload_signal_handler.cpp" />
    <ClCompile Include="source\server\server.cpp" />
    <ClCompile Include="source\session\session_data.cpp" />
    <ClCompile Include="source\utilities\asio_stream_compatibility.cpp" />
    <ClCompile Include="source\utilities\file_utilities.cpp" />
  </ItemGroup>
</Project>
