<?xml version="1.0" encoding="utf-8"?>
<Project ToolsVersion="4.0" xmlns="http://schemas.microsoft.com/developer/msbuild/2003">
  <ItemGroup>
    <ClCompile Include="main.cpp" />
    <ClCompile Include="checked_static_cast_test.cpp" />
    <ClCompile Include="datetime_test.cpp" />
    <ClCompile Include="serialize_pack_test.cpp" />
    <ClCompile Include="server_setting_test.cpp" />
  </ItemGroup>
</Project>