<?xml version="1.0" encoding="utf-8"?>
<Project ToolsVersion="4.0" xmlns="http://schemas.microsoft.com/developer/msbuild/2003">
  <ItemGroup>
    <ClInclude Include="library\nameof.hpp" />
    <ClInclude Include="source\message\message_handler.hpp" />
    <ClInclude Include="source\message\messages.hpp" />
    <ClInclude Include="source\network\network_layer.hpp" />
    <ClInclude Include="source\network\transport_layer.hpp" />
    <ClInclude Include="source\message\message_handlers\list_room_request_message_handler.hpp" />
    <ClInclude Include="source\message\message_handlers\join_room_request_message_handler.hpp" />
    <ClInclude Include="source\message\message_handlers\create_room_request_message_handler.hpp" />
    <ClInclude Include="source\datetime\datetime.hpp" />
    <ClInclude Include="source\data\thread_safe_data_container.h" />
    <ClInclude Include="source\client\client_data.hpp" />
    <ClInclude Include="source\room\room_data.hpp" />
    <ClInclude Include="source\client\client_address.hpp" />
    <ClInclude Include="source\room\room_constants.hpp" />
    <ClInclude Include="source\client\client_constants.hpp" />
    <ClInclude Include="source\message\message_handlers\authentication_request_message_handler.hpp" />
    <ClInclude Include="source\message\message_handler_invoker.hpp" />
    <ClInclude Include="source\message\message_handler_invoker_factory.hpp" />
    <ClInclude Include="source\message\message_handle_parameter.hpp" />
    <ClInclude Include="source\async\timer.hpp" />
    <ClInclude Include="source\utilities\string_utility.hpp" />
    <ClInclude Include="source\utilities\io_utility.hpp" />
    <ClInclude Include="source\server\match_making_server.hpp" />
    <ClInclude Include="source\server\server_data.hpp" />
    <ClInclude Include="source\server\server_error.hpp" />
    <ClInclude Include="source\server\server_error_code.hpp" />
    <ClInclude Include="source\server\server_constants.hpp" />
    <ClInclude Include="source\data\data_constants.hpp" />
    <ClInclude Include="source\utilities\asio_stream_compatibility.hpp" />
    <ClInclude Include="source\utilities\log.hpp" />
    <ClInclude Include="source\message\message_error_code.hpp" />
    <ClInclude Include="source\async\read_write.hpp" />
    <ClInclude Include="source\data\random_id_generator.hpp" />
    <ClInclude Include="source\room\room_data_container.hpp" />
    <ClInclude Include="source\message\message_constants.hpp" />
    <ClInclude Include="source\utilities\fixed_string.hpp" />
    <ClInclude Include="source\message\message_handlers\list_room_group_request_message_handler.hpp" />
    <ClInclude Include="source\message\message_handlers\update_room_status_request_message_handler.hpp" />
    <ClInclude Include="source\message\message_handle_utilities.hpp" />
    <ClInclude Include="source\utilities\checked_static_cast.hpp" />
    <ClInclude Include="source\serialize\serializer.hpp" />
    <ClInclude Include="source\serialize\serialization_error.hpp" />
    <ClInclude Include="source\utilities\template_utilities.hpp" />
    <ClInclude Include="source\serialize\serialize_type_traits.hpp" />
  </ItemGroup>
  <ItemGroup>
    <ClCompile Include="source\message\message_handler.cpp" />
    <ClCompile Include="source\network\transport_layer.cpp" />
    <ClCompile Include="source\main.cpp" />
    <ClCompile Include="source\message\message_handlers\list_room_request_message_handler.cpp" />
    <ClCompile Include="source\message\message_handlers\join_room_request_message_handler.cpp" />
    <ClCompile Include="source\message\message_handlers\create_room_request_message_handler.cpp" />
    <ClCompile Include="source\datetime\datetime.cpp" />
    <ClCompile Include="source\client\client_data.cpp" />
    <ClCompile Include="source\message\message_handlers\authentication_request_message_handler.cpp" />
    <ClCompile Include="source\message\message_handler_invoker.cpp" />
    <ClCompile Include="source\message\message_handler_invoker_factory.cpp" />
    <ClCompile Include="source\async\timer.cpp" />
    <ClCompile Include="source\server\match_making_server.cpp" />
    <ClCompile Include="source\server\server_error.cpp" />
    <ClCompile Include="source\server\server_error_code.cpp" />
    <ClCompile Include="source\utilities\asio_stream_compatibility.cpp" />
    <ClCompile Include="source\utilities\log.cpp" />
    <ClCompile Include="source\client\client_address.cpp" />
    <ClCompile Include="source\room\room_data_container.cpp" />
    <ClCompile Include="source\room\room_data.cpp" />
    <ClCompile Include="source\server\server_data.cpp" />
    <ClCompile Include="source\message\message_handlers\list_room_group_request_message_handler.cpp" />
    <ClCompile Include="source\message\message_handlers\update_room_status_request_message_handler.cpp" />
    <ClCompile Include="source\serialize\serializer.cpp" />
  </ItemGroup>
</Project>